
Microsoft Visual Studio Solution File, Format Version 12.00
# Visual Studio Version 16
VisualStudioVersion = 16.0.30523.141
MinimumVisualStudioVersion = 10.0.40219.1
Project("{FAE04EC0-301F-11D3-BF4B-00C04F79EFBC}") = "Övning 3", "Övning 3.csproj", "{542EC3B2-6CFC-4499-9D67-A6A8F862DBAC}"
EndProject
Global
	GlobalSection(SolutionConfigurationPlatforms) = preSolution
		Debug|Any CPU = Debug|Any CPU
		Release|Any CPU = Release|Any CPU
	EndGlobalSection
	GlobalSection(ProjectConfigurationPlatforms) = postSolution
		{542EC3B2-6CFC-4499-9D67-A6A8F862DBAC}.Debug|Any CPU.ActiveCfg = Debug|Any CPU
		{542EC3B2-6CFC-4499-9D67-A6A8F862DBAC}.Debug|Any CPU.Build.0 = Debug|Any CPU
		{542EC3B2-6CFC-4499-9D67-A6A8F862DBAC}.Release|Any CPU.ActiveCfg = Release|Any CPU
		{542EC3B2-6CFC-4499-9D67-A6A8F862DBAC}.Release|Any CPU.Build.0 = Release|Any CPU
	EndGlobalSection
	GlobalSection(SolutionProperties) = preSolution
		HideSolutionNode = FALSE
	EndGlobalSection
	GlobalSection(ExtensibilityGlobals) = postSolution
		SolutionGuid = {BA5D398A-5CC0-49AC-BDAA-A302A8597E6A}
	EndGlobalSection
EndGlobal
