
Microsoft Visual Studio Solution File, Format Version 12.00
# Visual Studio Version 16
VisualStudioVersion = 16.0.30611.23
MinimumVisualStudioVersion = 10.0.40219.1
Project("{FAE04EC0-301F-11D3-BF4B-00C04F79EFBC}") = "CarPlate 1", "CarPlate 1.csproj", "{21789C7D-EAF7-48B0-B112-6AB2B773D87D}"
EndProject
Global
	GlobalSection(SolutionConfigurationPlatforms) = preSolution
		Debug|Any CPU = Debug|Any CPU
		Release|Any CPU = Release|Any CPU
	EndGlobalSection
	GlobalSection(ProjectConfigurationPlatforms) = postSolution
		{21789C7D-EAF7-48B0-B112-6AB2B773D87D}.Debug|Any CPU.ActiveCfg = Debug|Any CPU
		{21789C7D-EAF7-48B0-B112-6AB2B773D87D}.Debug|Any CPU.Build.0 = Debug|Any CPU
		{21789C7D-EAF7-48B0-B112-6AB2B773D87D}.Release|Any CPU.ActiveCfg = Release|Any CPU
		{21789C7D-EAF7-48B0-B112-6AB2B773D87D}.Release|Any CPU.Build.0 = Release|Any CPU
	EndGlobalSection
	GlobalSection(SolutionProperties) = preSolution
		HideSolutionNode = FALSE
	EndGlobalSection
	GlobalSection(ExtensibilityGlobals) = postSolution
		SolutionGuid = {B831D9C5-A348-4B38-841D-BA0C674C5BFD}
	EndGlobalSection
EndGlobal
